// !$*UTF8*$!
{
	archiveVersion = 1;
	classes = {
	};
	objectVersion = 50;
	objects = {

/* Begin PBXBuildFile section */
		1F0735C8216F5BBD0017C49B /* AppDelegate.m in Sources */ = {isa = PBXBuildFile; fileRef = 1F0735C7216F5BBD0017C49B /* AppDelegate.m */; };
		1F0735CB216F5BBD0017C49B /* ViewController.m in Sources */ = {isa = PBXBuildFile; fileRef = 1F0735CA216F5BBD0017C49B /* ViewController.m */; };
		1F0735CE216F5BBD0017C49B /* Main.storyboard in Resources */ = {isa = PBXBuildFile; fileRef = 1F0735CC216F5BBD0017C49B /* Main.storyboard */; };
		1F0735D0216F5BBE0017C49B /* Assets.xcassets in Resources */ = {isa = PBXBuildFile; fileRef = 1F0735CF216F5BBE0017C49B /* Assets.xcassets */; };
		1F0735D3216F5BBE0017C49B /* LaunchScreen.storyboard in Resources */ = {isa = PBXBuildFile; fileRef = 1F0735D1216F5BBE0017C49B /* LaunchScreen.storyboard */; };
		1F0735D6216F5BBE0017C49B /* main.m in Sources */ = {isa = PBXBuildFile; fileRef = 1F0735D5216F5BBE0017C49B /* main.m */; };
/* End PBXBuildFile section */

/* Begin PBXFileReference section */
		1F0735C3216F5BBD0017C49B /* PreViewPic.app */ = {isa = PBXFileReference; explicitFileType = wrapper.application; includeInIndex = 0; path = PreViewPic.app; sourceTree = BUILT_PRODUCTS_DIR; };
		1F0735C6216F5BBD0017C49B /* AppDelegate.h */ = {isa = PBXFileReference; lastKnownFileType = sourcecode.c.h; path = AppDelegate.h; sourceTree = "<group>"; };
		1F0735C7216F5BBD0017C49B /* AppDelegate.m */ = {isa = PBXFileReference; lastKnownFileType = sourcecode.c.objc; path = AppDelegate.m; sourceTree = "<group>"; };
		1F0735C9216F5BBD0017C49B /* ViewController.h */ = {isa = PBXFileReference; lastKnownFileType = sourcecode.c.h; path = ViewController.h; sourceTree = "<group>"; };
		1F0735CA216F5BBD0017C49B /* ViewController.m */ = {isa = PBXFileReference; lastKnownFileType = sourcecode.c.objc; path = ViewController.m; sourceTree = "<group>"; };
		1F0735CD216F5BBD0017C49B /* Base */ = {isa = PBXFileReference; lastKnownFileType = file.storyboard; name = Base; path = Base.lproj/Main.storyboard; sourceTree = "<group>"; };
		1F0735CF216F5BBE0017C49B /* Assets.xcassets */ = {isa = PBXFileReference; lastKnownFileType = folder.assetcatalog; path = Assets.xcassets; sourceTree = "<group>"; };
		1F0735D2216F5BBE0017C49B /* Base */ = {isa = PBXFileReference; lastKnownFileType = file.storyboard; name = Base; path = Base.lproj/LaunchScreen.storyboard; sourceTree = "<group>"; };
		1F0735D4216F5BBE0017C49B /* Info.plist */ = {isa = PBXFileReference; lastKnownFileType = text.plist.xml; path = Info.plist; sourceTree = "<group>"; };
		1F0735D5216F5BBE0017C49B /* main.m */ = {isa = PBXFileReference; lastKnownFileType = sourcecode.c.objc; path = main.m; sourceTree = "<group>"; };
/* End PBXFileReference section */

/* Begin PBXFrameworksBuildPhase section */
		1F0735C0216F5BBD0017C49B /* Frameworks */ = {
			isa = PBXFrameworksBuildPhase;
			buildActionMask = 2147483647;
			files = (
			);
			runOnlyForDeploymentPostprocessing = 0;
		};
/* End PBXFrameworksBuildPhase section */

/* Begin PBXGroup section */
		1F0735BA216F5BBD0017C49B = {
			isa = PBXGroup;
			children = (
				1F0735C5216F5BBD0017C49B /* PreViewPic */,
				1F0735C4216F5BBD0017C49B /* Products */,
			);
			sourceTree = "<group>";
		};
		1F0735C4216F5BBD0017C49B /* Products */ = {
			isa = PBXGroup;
			children = (
				1F0735C3216F5BBD0017C49B /* PreViewPic.app */,
			);
			name = Products;
			sourceTree = "<group>";
		};
		1F0735C5216F5BBD0017C49B /* PreViewPic */ = {
			isa = PBXGroup;
			children = (
				1F0735C6216F5BBD0017C49B /* AppDelegate.h */,
				1F0735C7216F5BBD0017C49B /* AppDelegate.m */,
				1F0735C9216F5BBD0017C49B /* ViewController.h */,
				1F0735CA216F5BBD0017C49B /* ViewController.m */,
				1F0735CC216F5BBD0017C49B /* Main.storyboard */,
				1F0735CF216F5BBE0017C49B /* Assets.xcassets */,
				1F0735D1216F5BBE0017C49B /* LaunchScreen.storyboard */,
				1F0735D4216F5BBE0017C49B /* Info.plist */,
				1F0735D5216F5BBE0017C49B /* main.m */,
			);
			path = PreViewPic;
			sourceTree = "<group>";
		};
/* End PBXGroup section */

/* Begin PBXNativeTarget section */
		1F0735C2216F5BBD0017C49B /* PreViewPic */ = {
			isa = PBXNativeTarget;
			buildConfigurationList = 1F0735D9216F5BBE0017C49B /* Build configuration list for PBXNativeTarget "PreViewPic" */;
			buildPhases = (
				1F0735BF216F5BBD0017C49B /* Sources */,
				1F0735C0216F5BBD0017C49B /* Frameworks */,
				1F0735C1216F5BBD0017C49B /* Resources */,
			);
			buildRules = (
			);
			dependencies = (
			);
			name = PreViewPic;
			productName = PreViewPic;
			productReference = 1F0735C3216F5BBD0017C49B /* PreViewPic.app */;
			productType = "com.apple.product-type.application";
		};
/* End PBXNativeTarget section */

/* Begin PBXProject section */
		1F0735BB216F5BBD0017C49B /* Project object */ = {
			isa = PBXProject;
			attributes = {
				LastUpgradeCheck = 0940;
				ORGANIZATIONNAME = SaraWu;
				TargetAttributes = {
					1F0735C2216F5BBD0017C49B = {
						CreatedOnToolsVersion = 9.4.1;
					};
				};
			};
			buildConfigurationList = 1F0735BE216F5BBD0017C49B /* Build configuration list for PBXProject "PreViewPic" */;
			compatibilityVersion = "Xcode 9.3";
			developmentRegion = en;
			hasScannedForEncodings = 0;
			knownRegions = (
				en,
				Base,
			);
			mainGroup = 1F0735BA216F5BBD0017C49B;
			productRefGroup = 1F0735C4216F5BBD0017C49B /* Products */;
			projectDirPath = "";
			projectRoot = "";
			targets = (
				1F0735C2216F5BBD0017C49B /* PreViewPic */,
			);
		};
/* End PBXProject section */

/* Begin PBXResourcesBuildPhase section */
		1F0735C1216F5BBD0017C49B /* Resources */ = {
			isa = PBXResourcesBuildPhase;
			buildActionMask = 2147483647;
			files = (
				1F0735D3216F5BBE0017C49B /* LaunchScreen.storyboard in Resources */,
				1F0735D0216F5BBE0017C49B /* Assets.xcassets in Resources */,
				1F0735CE216F5BBD0017C49B /* Main.storyboard in Resources */,
			);
			runOnlyForDeploymentPostprocessing = 0;
		};
/* End PBXResourcesBuildPhase section */

/* Begin PBXSourcesBuildPhase section */
		1F0735BF216F5BBD0017C49B /* Sources */ = {
			isa = PBXSourcesBuildPhase;
			buildActionMask = 2147483647;
			files = (
				1F0735CB216F5BBD0017C49B /* ViewController.m in Sources */,
				1F0735D6216F5BBE0017C49B /* main.m in Sources */,
				1F0735C8216F5BBD0017C49B /* AppDelegate.m in Sources */,
			);
			runOnlyForDeploymentPostprocessing = 0;
		};
/* End PBXSourcesBuildPhase section */

/* Begin PBXVariantGroup section */
		1F0735CC216F5BBD0017C49B /* Main.storyboard */ = {
			isa = PBXVariantGroup;
			children = (
				1F0735CD216F5BBD0017C49B /* Base */,
			);
			name = Main.storyboard;
			sourceTree = "<group>";
		};
		1F0735D1216F5BBE0017C49B /* LaunchScreen.storyboard */ = {
			isa = PBXVariantGroup;
			children = (
				1F0735D2216F5BBE0017C49B /* Base */,
			);
			name = LaunchScreen.storyboard;
			sourceTree = "<group>";
		};
/* End PBXVariantGroup section */

/* Begin XCBuildConfiguration section */
		1F0735D7216F5BBE0017C49B /* Debug */ = {
			isa = XCBuildConfiguration;
			buildSettings = {
				ALWAYS_SEARCH_USER_PATHS = NO;
				CLANG_ANALYZER_NONNULL = YES;
				CLANG_ANALYZER_NUMBER_OBJECT_CONVERSION = YES_AGGRESSIVE;
				CLANG_CXX_LANGUAGE_STANDARD = "gnu++14";
				CLANG_CXX_LIBRARY = "libc++";
				CLANG_ENABLE_MODULES = YES;
				CLANG_ENABLE_OBJC_ARC = YES;
				CLANG_ENABLE_OBJC_WEAK = YES;
				CLANG_WARN_BLOCK_CAPTURE_AUTORELEASING = YES;
				CLANG_WARN_BOOL_CONVERSION = YES;
				CLANG_WARN_COMMA = YES;
				CLANG_WARN_CONSTANT_CONVERSION = YES;
				CLANG_WARN_DEPRECATED_OBJC_IMPLEMENTATIONS = YES;
				CLANG_WARN_DIRECT_OBJC_ISA_USAGE = YES_ERROR;
				CLANG_WARN_DOCUMENTATION_COMMENTS = YES;
				CLANG_WARN_EMPTY_BODY = YES;
				CLANG_WARN_ENUM_CONVERSION = YES;
				CLANG_WARN_INFINITE_RECURSION = YES;
				CLANG_WARN_INT_CONVERSION = YES;
				CLANG_WARN_NON_LITERAL_NULL_CONVERSION = YES;
				CLANG_WARN_OBJC_IMPLICIT_RETAIN_SELF = YES;
				CLANG_WARN_OBJC_LITERAL_CONVERSION = YES;
				CLANG_WARN_OBJC_ROOT_CLASS = YES_ERROR;
				CLANG_WARN_RANGE_LOOP_ANALYSIS = YES;
				CLANG_WARN_STRICT_PROTOTYPES = YES;
				CLANG_WARN_SUSPICIOUS_MOVE = YES;
				CLANG_WARN_UNGUARDED_AVAILABILITY = YES_AGGRESSIVE;
				CLANG_WARN_UNREACHABLE_CODE = YES;
				CLANG_WARN__DUPLICATE_METHOD_MATCH = YES;
				CODE_SIGN_IDENTITY = "iPhone Developer";
				COPY_PHASE_STRIP = NO;
				DEBUG_INFORMATION_FORMAT = dwarf;
				ENABLE_STRICT_OBJC_MSGSEND = YES;
				ENABLE_TESTABILITY = YES;
				GCC_C_LANGUAGE_STANDARD = gnu11;
				GCC_DYNAMIC_NO_PIC = NO;
				GCC_NO_COMMON_BLOCKS = YES;
				GCC_OPTIMIZATION_LEVEL = 0;
				GCC_PREPROCESSOR_DEFINITIONS = (
					"DEBUG=1",
					"$(inherited)",
				);
				GCC_WARN_64_TO_32_BIT_CONVERSION = YES;
				GCC_WARN_ABOUT_RETURN_TYPE = YES_ERROR;
				GCC_WARN_UNDECLARED_SELECTOR = YES;
				GCC_WARN_UNINITIALIZED_AUTOS = YES_AGGRESSIVE;
				GCC_WARN_UNUSED_FUNCTION = YES;
				GCC_WARN_UNUSED_VARIABLE = YES;
				IPHONEOS_DEPLOYMENT_TARGET = 11.4;
				MTL_ENABLE_DEBUG_INFO = YES;
				ONLY_ACTIVE_ARCH = YES;
				SDKROOT = iphoneos;
			};
			name = Debug;
		};
		1F0735D8216F5BBE0017C49B /* Release */ = {
			isa = XCBuildConfiguration;
			buildSettings = {
				ALWAYS_SEARCH_USER_PATHS = NO;
				CLANG_ANALYZER_NONNULL = YES;
				CLANG_ANALYZER_NUMBER_OBJECT_CONVERSION = YES_AGGRESSIVE;
				CLANG_CXX_LANGUAGE_STANDARD = "gnu++14";
				CLANG_CXX_LIBRARY = "libc++";
				CLANG_ENABLE_MODULES = YES;
				CLANG_ENABLE_OBJC_ARC = YES;
				CLANG_ENABLE_OBJC_WEAK = YES;
				CLANG_WARN_BLOCK_CAPTURE_AUTORELEASING = YES;
				CLANG_WARN_BOOL_CONVERSION = YES;
				CLANG_WARN_COMMA = YES;
				CLANG_WARN_CONSTANT_CONVERSION = YES;
				CLANG_WARN_DEPRECATED_OBJC_IMPLEMENTATIONS = YES;
				CLANG_WARN_DIRECT_OBJC_ISA_USAGE = YES_ERROR;
				CLANG_WARN_DOCUMENTATION_COMMENTS = YES;
				CLANG_WARN_EMPTY_BODY = YES;
				CLANG_WARN_ENUM_CONVERSION = YES;
				CLANG_WARN_INFINITE_RECURSION = YES;
				CLANG_WARN_INT_CONVERSION = YES;
				CLANG_WARN_NON_LITERAL_NULL_CONVERSION = YES;
				CLANG_WARN_OBJC_IMPLICIT_RETAIN_SELF = YES;
				CLANG_WARN_OBJC_LITERAL_CONVERSION = YES;
				CLANG_WARN_OBJC_ROOT_CLASS = YES_ERROR;
				CLANG_WARN_RANGE_LOOP_ANALYSIS = YES;
				CLANG_WARN_STRICT_PROTOTYPES = YES;
				CLANG_WARN_SUSPICIOUS_MOVE = YES;
				CLANG_WARN_UNGUARDED_AVAILABILITY = YES_AGGRESSIVE;
				CLANG_WARN_UNREACHABLE_CODE = YES;
				CLANG_WARN__DUPLICATE_METHOD_MATCH = YES;
				CODE_SIGN_IDENTITY = "iPhone Developer";
				COPY_PHASE_STRIP = NO;
				DEBUG_INFORMATION_FORMAT = "dwarf-with-dsym";
				ENABLE_NS_ASSERTIONS = NO;
				ENABLE_STRICT_OBJC_MSGSEND = YES;
				GCC_C_LANGUAGE_STANDARD = gnu11;
				GCC_NO_COMMON_BLOCKS = YES;
				GCC_WARN_64_TO_32_BIT_CONVERSION = YES;
				GCC_WARN_ABOUT_RETURN_TYPE = YES_ERROR;
				GCC_WARN_UNDECLARED_SELECTOR = YES;
				GCC_WARN_UNINITIALIZED_AUTOS = YES_AGGRESSIVE;
				GCC_WARN_UNUSED_FUNCTION = YES;
				GCC_WARN_UNUSED_VARIABLE = YES;
				IPHONEOS_DEPLOYMENT_TARGET = 11.4;
				MTL_ENABLE_DEBUG_INFO = NO;
				SDKROOT = iphoneos;
				VALIDATE_PRODUCT = YES;
			};
			name = Release;
		};
		1F0735DA216F5BBE0017C49B /* Debug */ = {
			isa = XCBuildConfiguration;
			buildSettings = {
				ASSETCATALOG_COMPILER_APPICON_NAME = AppIcon;
				CODE_SIGN_STYLE = Automatic;
				DEVELOPMENT_TEAM = VA2W43L955;
				INFOPLIST_FILE = PreViewPic/Info.plist;
				IPHONEOS_DEPLOYMENT_TARGET = 9.0;
				LD_RUNPATH_SEARCH_PATHS = (
					"$(inherited)",
					"@executable_path/Frameworks",
				);
				PRODUCT_BUNDLE_IDENTIFIER = com.sarawu.PreViewPic;
				PRODUCT_NAME = "$(TARGET_NAME)";
				TARGETED_DEVICE_FAMILY = "1,2";
			};
			name = Debug;
		};
		1F0735DB216F5BBE0017C49B /* Release */ = {
			isa = XCBuildConfiguration;
			buildSettings = {
				ASSETCATALOG_COMPILER_APPICON_NAME = AppIcon;
				CODE_SIGN_STYLE = Automatic;
				DEVELOPMENT_TEAM = VA2W43L955;
				INFOPLIST_FILE = PreViewPic/Info.plist;
				IPHONEOS_DEPLOYMENT_TARGET = 9.0;
				LD_RUNPATH_SEARCH_PATHS = (
					"$(inherited)",
					"@executable_path/Frameworks",
				);
				PRODUCT_BUNDLE_IDENTIFIER = com.sarawu.PreViewPic;
				PRODUCT_NAME = "$(TARGET_NAME)";
				TARGETED_DEVICE_FAMILY = "1,2";
			};
			name = Release;
		};
/* End XCBuildConfiguration section */

/* Begin XCConfigurationList section */
		1F0735BE216F5BBD0017C49B /* Build configuration list for PBXProject "PreViewPic" */ = {
			isa = XCConfigurationList;
			buildConfigurations = (
				1F0735D7216F5BBE0017C49B /* Debug */,
				1F0735D8216F5BBE0017C49B /* Release */,
			);
			defaultConfigurationIsVisible = 0;
			defaultConfigurationName = Release;
		};
		1F0735D9216F5BBE0017C49B /* Build configuration list for PBXNativeTarget "PreViewPic" */ = {
			isa = XCConfigurationList;
			buildConfigurations = (
				1F0735DA216F5BBE0017C49B /* Debug */,
				1F0735DB216F5BBE0017C49B /* Release */,
			);
			defaultConfigurationIsVisible = 0;
			defaultConfigurationName = Release;
		};
/* End XCConfigurationList section */
	};
	rootObject = 1F0735BB216F5BBD0017C49B /* Project object */;
}
